
Microsoft Visual Studio Solution File, Format Version 12.00
# Visual Studio Version 17
VisualStudioVersion = 17.9.34728.123
MinimumVisualStudioVersion = 10.0.40219.1
Project("{9A19103F-16F7-4668-BE54-9A1E7A4F7556}") = "ExpenseTracker.WebApp", "ExpenseTracker.WebApp\ExpenseTracker.WebApp\ExpenseTracker.WebApp.csproj", "{B008BCA2-E175-4388-8C2E-88DE33CD08C4}"
EndProject
Project("{9A19103F-16F7-4668-BE54-9A1E7A4F7556}") = "ExpenseTracker.WebApp.Client", "ExpenseTracker.WebApp\ExpenseTracker.WebApp.Client\ExpenseTracker.WebApp.Client.csproj", "{5C3A5E22-BB6D-41C8-8F99-DB304872CB6E}"
EndProject
Project("{9A19103F-16F7-4668-BE54-9A1E7A4F7556}") = "ExpenseTracker.BusinessLogic", "ExpenseTracker.BusinessLogic\ExpenseTracker.BusinessLogic.csproj", "{312C9201-C20C-49FC-B482-519F87C257B3}"
EndProject
Global
	GlobalSection(SolutionConfigurationPlatforms) = preSolution
		Debug|Any CPU = Debug|Any CPU
		Release|Any CPU = Release|Any CPU
	EndGlobalSection
	GlobalSection(ProjectConfigurationPlatforms) = postSolution
		{B008BCA2-E175-4388-8C2E-88DE33CD08C4}.Debug|Any CPU.ActiveCfg = Debug|Any CPU
		{B008BCA2-E175-4388-8C2E-88DE33CD08C4}.Debug|Any CPU.Build.0 = Debug|Any CPU
		{B008BCA2-E175-4388-8C2E-88DE33CD08C4}.Release|Any CPU.ActiveCfg = Release|Any CPU
		{B008BCA2-E175-4388-8C2E-88DE33CD08C4}.Release|Any CPU.Build.0 = Release|Any CPU
		{5C3A5E22-BB6D-41C8-8F99-DB304872CB6E}.Debug|Any CPU.ActiveCfg = Debug|Any CPU
		{5C3A5E22-BB6D-41C8-8F99-DB304872CB6E}.Debug|Any CPU.Build.0 = Debug|Any CPU
		{5C3A5E22-BB6D-41C8-8F99-DB304872CB6E}.Release|Any CPU.ActiveCfg = Release|Any CPU
		{5C3A5E22-BB6D-41C8-8F99-DB304872CB6E}.Release|Any CPU.Build.0 = Release|Any CPU
		{312C9201-C20C-49FC-B482-519F87C257B3}.Debug|Any CPU.ActiveCfg = Debug|Any CPU
		{312C9201-C20C-49FC-B482-519F87C257B3}.Debug|Any CPU.Build.0 = Debug|Any CPU
		{312C9201-C20C-49FC-B482-519F87C257B3}.Release|Any CPU.ActiveCfg = Release|Any CPU
		{312C9201-C20C-49FC-B482-519F87C257B3}.Release|Any CPU.Build.0 = Release|Any CPU
	EndGlobalSection
	GlobalSection(SolutionProperties) = preSolution
		HideSolutionNode = FALSE
	EndGlobalSection
	GlobalSection(ExtensibilityGlobals) = postSolution
		SolutionGuid = {FACA8BD1-5B5D-4488-95E5-04E6381D47C5}
	EndGlobalSection
EndGlobal
